// !$*UTF8*$!
{
	archiveVersion = 1;
	classes = {
	};
	objectVersion = 46;
	objects = {

/* Begin PBXBuildFile section */
		0402732011A998BA00F28535 /* board.png in Resources */ = {isa = PBXBuildFile; fileRef = 0402731F11A998BA00F28535 /* board.png */; };
		0402732311A99ADD00F28535 /* pit.png in Resources */ = {isa = PBXBuildFile; fileRef = 0402732211A99ADD00F28535 /* pit.png */; };
		0402735C11A9A60200F28535 /* Icon.png in Resources */ = {isa = PBXBuildFile; fileRef = 0402735B11A9A60200F28535 /* Icon.png */; };
		046F771F119DD698000DD634 /* SinglePlayerGame.m in Sources */ = {isa = PBXBuildFile; fileRef = 046F771D119DD698000DD634 /* SinglePlayerGame.m */; };
		046F7720119DD698000DD634 /* SinglePlayerGame.xib in Resources */ = {isa = PBXBuildFile; fileRef = 046F771E119DD698000DD634 /* SinglePlayerGame.xib */; };
		048A3FB711AFD4FE002898F8 /* Help.m in Sources */ = {isa = PBXBuildFile; fileRef = 048A3FB511AFD4FE002898F8 /* Help.m */; };
		048A3FB811AFD4FE002898F8 /* Help.xib in Resources */ = {isa = PBXBuildFile; fileRef = 048A3FB611AFD4FE002898F8 /* Help.xib */; };
		049CDC9911AC41B600172C65 /* MultiPlayerGame.m in Sources */ = {isa = PBXBuildFile; fileRef = 049CDC9711AC41B600172C65 /* MultiPlayerGame.m */; };
		049CDC9A11AC41B600172C65 /* MultiPlayerGame.xib in Resources */ = {isa = PBXBuildFile; fileRef = 049CDC9811AC41B600172C65 /* MultiPlayerGame.xib */; };
		04A75634119DD1F100FF4D29 /* KalaGameState.m in Sources */ = {isa = PBXBuildFile; fileRef = 04A75631119DD1F100FF4D29 /* KalaGameState.m */; };
		04A75635119DD1F100FF4D29 /* RandomPlayer.m in Sources */ = {isa = PBXBuildFile; fileRef = 04A75633119DD1F100FF4D29 /* RandomPlayer.m */; };
		04DBCC0011A75A630001D01E /* game_bg.png in Resources */ = {isa = PBXBuildFile; fileRef = 04DBCBFF11A75A630001D01E /* game_bg.png */; };
		04DD1E7611AEF15F00ADC20F /* Options.m in Sources */ = {isa = PBXBuildFile; fileRef = 04DD1E7411AEF15F00ADC20F /* Options.m */; };
		04DD1E7711AEF15F00ADC20F /* Options.xib in Resources */ = {isa = PBXBuildFile; fileRef = 04DD1E7511AEF15F00ADC20F /* Options.xib */; };
		04DD1F8C11AF03A800ADC20F /* MultiPlayerButton.png in Resources */ = {isa = PBXBuildFile; fileRef = 04DD1F8A11AF03A800ADC20F /* MultiPlayerButton.png */; };
		04DD1F8D11AF03A800ADC20F /* SinglePlayerButton.png in Resources */ = {isa = PBXBuildFile; fileRef = 04DD1F8B11AF03A800ADC20F /* SinglePlayerButton.png */; };
		1D3623260D0F684500981E51 /* Kalah_iPadAppDelegate.m in Sources */ = {isa = PBXBuildFile; fileRef = 1D3623250D0F684500981E51 /* Kalah_iPadAppDelegate.m */; };
		1D60589B0D05DD56006BFB54 /* main.m in Sources */ = {isa = PBXBuildFile; fileRef = 29B97316FDCFA39411CA2CEA /* main.m */; };
		1D60589F0D05DD5A006BFB54 /* Foundation.framework in Frameworks */ = {isa = PBXBuildFile; fileRef = 1D30AB110D05D00D00671497 /* Foundation.framework */; };
		1DF5F4E00D08C38300B7A737 /* UIKit.framework in Frameworks */ = {isa = PBXBuildFile; fileRef = 1DF5F4DF0D08C38300B7A737 /* UIKit.framework */; };
		2804200B108E984D000629CD /* RootViewController.m in Sources */ = {isa = PBXBuildFile; fileRef = 28042008108E984D000629CD /* RootViewController.m */; };
		2804203C108E9BAB000629CD /* RootViewController.xib in Resources */ = {isa = PBXBuildFile; fileRef = 2804203B108E9BAB000629CD /* RootViewController.xib */; };
		2892E4100DC94CBA00A64D0F /* CoreGraphics.framework in Frameworks */ = {isa = PBXBuildFile; fileRef = 2892E40F0DC94CBA00A64D0F /* CoreGraphics.framework */; };
		28AD73600D9D9599002E5188 /* MainWindow.xib in Resources */ = {isa = PBXBuildFile; fileRef = 28AD735F0D9D9599002E5188 /* MainWindow.xib */; };
		57072458140506120061646E /* RootViewController~iPhone.xib in Resources */ = {isa = PBXBuildFile; fileRef = 57072457140506120061646E /* RootViewController~iPhone.xib */; };
		57D8B04913FA665B001241AD /* NavBar-iPhone.png in Resources */ = {isa = PBXBuildFile; fileRef = 57D8B04813FA665B001241AD /* NavBar-iPhone.png */; };
		57D8B04C13FA666A001241AD /* DWNavigationBar.m in Sources */ = {isa = PBXBuildFile; fileRef = 57D8B04B13FA666A001241AD /* DWNavigationBar.m */; };
/* End PBXBuildFile section */

/* Begin PBXFileReference section */
		0402731F11A998BA00F28535 /* board.png */ = {isa = PBXFileReference; lastKnownFileType = image.png; path = board.png; sourceTree = "<group>"; };
		0402732211A99ADD00F28535 /* pit.png */ = {isa = PBXFileReference; lastKnownFileType = image.png; path = pit.png; sourceTree = "<group>"; };
		0402735B11A9A60200F28535 /* Icon.png */ = {isa = PBXFileReference; lastKnownFileType = image.png; path = Icon.png; sourceTree = "<group>"; };
		046F771C119DD698000DD634 /* SinglePlayerGame.h */ = {isa = PBXFileReference; fileEncoding = 4; lastKnownFileType = sourcecode.c.h; path = SinglePlayerGame.h; sourceTree = "<group>"; };
		046F771D119DD698000DD634 /* SinglePlayerGame.m */ = {isa = PBXFileReference; fileEncoding = 4; lastKnownFileType = sourcecode.c.objc; path = SinglePlayerGame.m; sourceTree = "<group>"; };
		046F771E119DD698000DD634 /* SinglePlayerGame.xib */ = {isa = PBXFileReference; lastKnownFileType = file.xib; name = SinglePlayerGame.xib; path = Classes/SinglePlayerGame.xib; sourceTree = "<group>"; };
		048A3FB411AFD4FE002898F8 /* Help.h */ = {isa = PBXFileReference; fileEncoding = 4; lastKnownFileType = sourcecode.c.h; path = Help.h; sourceTree = "<group>"; };
		048A3FB511AFD4FE002898F8 /* Help.m */ = {isa = PBXFileReference; fileEncoding = 4; lastKnownFileType = sourcecode.c.objc; path = Help.m; sourceTree = "<group>"; };
		048A3FB611AFD4FE002898F8 /* Help.xib */ = {isa = PBXFileReference; lastKnownFileType = file.xib; name = Help.xib; path = Classes/Help.xib; sourceTree = "<group>"; };
		049CDC9611AC41B600172C65 /* MultiPlayerGame.h */ = {isa = PBXFileReference; fileEncoding = 4; lastKnownFileType = sourcecode.c.h; path = MultiPlayerGame.h; sourceTree = "<group>"; };
		049CDC9711AC41B600172C65 /* MultiPlayerGame.m */ = {isa = PBXFileReference; fileEncoding = 4; lastKnownFileType = sourcecode.c.objc; path = MultiPlayerGame.m; sourceTree = "<group>"; };
		049CDC9811AC41B600172C65 /* MultiPlayerGame.xib */ = {isa = PBXFileReference; lastKnownFileType = file.xib; name = MultiPlayerGame.xib; path = Classes/MultiPlayerGame.xib; sourceTree = "<group>"; };
		04A75630119DD1F100FF4D29 /* KalaGameState.h */ = {isa = PBXFileReference; fileEncoding = 4; lastKnownFileType = sourcecode.c.h; path = KalaGameState.h; sourceTree = "<group>"; };
		04A75631119DD1F100FF4D29 /* KalaGameState.m */ = {isa = PBXFileReference; fileEncoding = 4; lastKnownFileType = sourcecode.c.objc; path = KalaGameState.m; sourceTree = "<group>"; };
		04A75632119DD1F100FF4D29 /* RandomPlayer.h */ = {isa = PBXFileReference; fileEncoding = 4; lastKnownFileType = sourcecode.c.h; path = RandomPlayer.h; sourceTree = "<group>"; };
		04A75633119DD1F100FF4D29 /* RandomPlayer.m */ = {isa = PBXFileReference; fileEncoding = 4; lastKnownFileType = sourcecode.c.objc; path = RandomPlayer.m; sourceTree = "<group>"; };
		04DBCBFF11A75A630001D01E /* game_bg.png */ = {isa = PBXFileReference; lastKnownFileType = image.png; path = game_bg.png; sourceTree = "<group>"; };
		04DD1E7311AEF15F00ADC20F /* Options.h */ = {isa = PBXFileReference; fileEncoding = 4; lastKnownFileType = sourcecode.c.h; path = Options.h; sourceTree = "<group>"; };
		04DD1E7411AEF15F00ADC20F /* Options.m */ = {isa = PBXFileReference; fileEncoding = 4; lastKnownFileType = sourcecode.c.objc; path = Options.m; sourceTree = "<group>"; };
		04DD1E7511AEF15F00ADC20F /* Options.xib */ = {isa = PBXFileReference; lastKnownFileType = file.xib; name = Options.xib; path = Classes/Options.xib; sourceTree = "<group>"; };
		04DD1F8A11AF03A800ADC20F /* MultiPlayerButton.png */ = {isa = PBXFileReference; lastKnownFileType = image.png; path = MultiPlayerButton.png; sourceTree = "<group>"; };
		04DD1F8B11AF03A800ADC20F /* SinglePlayerButton.png */ = {isa = PBXFileReference; lastKnownFileType = image.png; path = SinglePlayerButton.png; sourceTree = "<group>"; };
		1D30AB110D05D00D00671497 /* Foundation.framework */ = {isa = PBXFileReference; lastKnownFileType = wrapper.framework; name = Foundation.framework; path = System/Library/Frameworks/Foundation.framework; sourceTree = SDKROOT; };
		1D3623240D0F684500981E51 /* Kalah_iPadAppDelegate.h */ = {isa = PBXFileReference; fileEncoding = 4; lastKnownFileType = sourcecode.c.h; path = Kalah_iPadAppDelegate.h; sourceTree = "<group>"; };
		1D3623250D0F684500981E51 /* Kalah_iPadAppDelegate.m */ = {isa = PBXFileReference; fileEncoding = 4; lastKnownFileType = sourcecode.c.objc; path = Kalah_iPadAppDelegate.m; sourceTree = "<group>"; };
		1D6058910D05DD3D006BFB54 /* Kalah-iPad.app */ = {isa = PBXFileReference; explicitFileType = wrapper.application; includeInIndex = 0; path = "Kalah-iPad.app"; sourceTree = BUILT_PRODUCTS_DIR; };
		1DF5F4DF0D08C38300B7A737 /* UIKit.framework */ = {isa = PBXFileReference; lastKnownFileType = wrapper.framework; name = UIKit.framework; path = System/Library/Frameworks/UIKit.framework; sourceTree = SDKROOT; };
		28042007108E984D000629CD /* RootViewController.h */ = {isa = PBXFileReference; fileEncoding = 4; lastKnownFileType = sourcecode.c.h; path = RootViewController.h; sourceTree = "<group>"; };
		28042008108E984D000629CD /* RootViewController.m */ = {isa = PBXFileReference; fileEncoding = 4; lastKnownFileType = sourcecode.c.objc; path = RootViewController.m; sourceTree = "<group>"; };
		2804203B108E9BAB000629CD /* RootViewController.xib */ = {isa = PBXFileReference; lastKnownFileType = file.xib; path = RootViewController.xib; sourceTree = "<group>"; };
		2892E40F0DC94CBA00A64D0F /* CoreGraphics.framework */ = {isa = PBXFileReference; lastKnownFileType = wrapper.framework; name = CoreGraphics.framework; path = System/Library/Frameworks/CoreGraphics.framework; sourceTree = SDKROOT; };
		28A0AAE50D9B0CCF005BE974 /* Kalah_iPad_Prefix.pch */ = {isa = PBXFileReference; fileEncoding = 4; lastKnownFileType = sourcecode.c.h; path = Kalah_iPad_Prefix.pch; sourceTree = "<group>"; };
		28AD735F0D9D9599002E5188 /* MainWindow.xib */ = {isa = PBXFileReference; lastKnownFileType = file.xib; path = MainWindow.xib; sourceTree = "<group>"; };
		29B97316FDCFA39411CA2CEA /* main.m */ = {isa = PBXFileReference; fileEncoding = 4; lastKnownFileType = sourcecode.c.objc; path = main.m; sourceTree = "<group>"; };
		57072457140506120061646E /* RootViewController~iPhone.xib */ = {isa = PBXFileReference; fileEncoding = 4; lastKnownFileType = file.xib; path = "RootViewController~iPhone.xib"; sourceTree = "<group>"; };
		57D8B04813FA665B001241AD /* NavBar-iPhone.png */ = {isa = PBXFileReference; lastKnownFileType = image.png; path = "NavBar-iPhone.png"; sourceTree = "<group>"; };
		57D8B04A13FA666A001241AD /* DWNavigationBar.h */ = {isa = PBXFileReference; fileEncoding = 4; lastKnownFileType = sourcecode.c.h; path = DWNavigationBar.h; sourceTree = "<group>"; };
		57D8B04B13FA666A001241AD /* DWNavigationBar.m */ = {isa = PBXFileReference; fileEncoding = 4; lastKnownFileType = sourcecode.c.objc; path = DWNavigationBar.m; sourceTree = "<group>"; };
		8D1107310486CEB800E47090 /* Kalah_iPad-Info.plist */ = {isa = PBXFileReference; fileEncoding = 4; lastKnownFileType = text.plist.xml; path = "Kalah_iPad-Info.plist"; plistStructureDefinitionIdentifier = "com.apple.xcode.plist.structure-definition.iphone.info-plist"; sourceTree = "<group>"; };
/* End PBXFileReference section */

/* Begin PBXFrameworksBuildPhase section */
		1D60588F0D05DD3D006BFB54 /* Frameworks */ = {
			isa = PBXFrameworksBuildPhase;
			buildActionMask = 2147483647;
			files = (
				1D60589F0D05DD5A006BFB54 /* Foundation.framework in Frameworks */,
				1DF5F4E00D08C38300B7A737 /* UIKit.framework in Frameworks */,
				2892E4100DC94CBA00A64D0F /* CoreGraphics.framework in Frameworks */,
			);
			runOnlyForDeploymentPostprocessing = 0;
		};
/* End PBXFrameworksBuildPhase section */

/* Begin PBXGroup section */
		04A7562E119DD1BC00FF4D29 /* Images */ = {
			isa = PBXGroup;
			children = (
				04DD1F8A11AF03A800ADC20F /* MultiPlayerButton.png */,
				04DD1F8B11AF03A800ADC20F /* SinglePlayerButton.png */,
				0402732211A99ADD00F28535 /* pit.png */,
				57D8B04813FA665B001241AD /* NavBar-iPhone.png */,
				0402731F11A998BA00F28535 /* board.png */,
				04DBCBFF11A75A630001D01E /* game_bg.png */,
			);
			path = Images;
			sourceTree = "<group>";
		};
		04A7562F119DD1F100FF4D29 /* KalahEngine */ = {
			isa = PBXGroup;
			children = (
				04A75630119DD1F100FF4D29 /* KalaGameState.h */,
				04A75631119DD1F100FF4D29 /* KalaGameState.m */,
				04A75632119DD1F100FF4D29 /* RandomPlayer.h */,
				04A75633119DD1F100FF4D29 /* RandomPlayer.m */,
			);
			path = KalahEngine;
			sourceTree = "<group>";
		};
		080E96DDFE201D6D7F000001 /* Classes */ = {
			isa = PBXGroup;
			children = (
				04A7562F119DD1F100FF4D29 /* KalahEngine */,
				28042007108E984D000629CD /* RootViewController.h */,
				28042008108E984D000629CD /* RootViewController.m */,
				046F771C119DD698000DD634 /* SinglePlayerGame.h */,
				046F771D119DD698000DD634 /* SinglePlayerGame.m */,
				049CDC9611AC41B600172C65 /* MultiPlayerGame.h */,
				049CDC9711AC41B600172C65 /* MultiPlayerGame.m */,
				1D3623240D0F684500981E51 /* Kalah_iPadAppDelegate.h */,
				1D3623250D0F684500981E51 /* Kalah_iPadAppDelegate.m */,
				04DD1E7311AEF15F00ADC20F /* Options.h */,
				04DD1E7411AEF15F00ADC20F /* Options.m */,
				048A3FB411AFD4FE002898F8 /* Help.h */,
				048A3FB511AFD4FE002898F8 /* Help.m */,
				57D8B04A13FA666A001241AD /* DWNavigationBar.h */,
				57D8B04B13FA666A001241AD /* DWNavigationBar.m */,
			);
			path = Classes;
			sourceTree = "<group>";
		};
		19C28FACFE9D520D11CA2CBB /* Products */ = {
			isa = PBXGroup;
			children = (
				1D6058910D05DD3D006BFB54 /* Kalah-iPad.app */,
			);
			name = Products;
			sourceTree = "<group>";
		};
		29B97314FDCFA39411CA2CEA /* CustomTemplate */ = {
			isa = PBXGroup;
			children = (
				0402735B11A9A60200F28535 /* Icon.png */,
				04A7562E119DD1BC00FF4D29 /* Images */,
				080E96DDFE201D6D7F000001 /* Classes */,
				29B97315FDCFA39411CA2CEA /* Other Sources */,
				29B97317FDCFA39411CA2CEA /* Resources */,
				29B97323FDCFA39411CA2CEA /* Frameworks */,
				19C28FACFE9D520D11CA2CBB /* Products */,
			);
			name = CustomTemplate;
			sourceTree = "<group>";
		};
		29B97315FDCFA39411CA2CEA /* Other Sources */ = {
			isa = PBXGroup;
			children = (
				28A0AAE50D9B0CCF005BE974 /* Kalah_iPad_Prefix.pch */,
				29B97316FDCFA39411CA2CEA /* main.m */,
			);
			name = "Other Sources";
			sourceTree = "<group>";
		};
		29B97317FDCFA39411CA2CEA /* Resources */ = {
			isa = PBXGroup;
			children = (
				2804203B108E9BAB000629CD /* RootViewController.xib */,
				57072457140506120061646E /* RootViewController~iPhone.xib */,
				046F771E119DD698000DD634 /* SinglePlayerGame.xib */,
				049CDC9811AC41B600172C65 /* MultiPlayerGame.xib */,
				04DD1E7511AEF15F00ADC20F /* Options.xib */,
				048A3FB611AFD4FE002898F8 /* Help.xib */,
				28AD735F0D9D9599002E5188 /* MainWindow.xib */,
				8D1107310486CEB800E47090 /* Kalah_iPad-Info.plist */,
			);
			name = Resources;
			sourceTree = "<group>";
		};
		29B97323FDCFA39411CA2CEA /* Frameworks */ = {
			isa = PBXGroup;
			children = (
				1DF5F4DF0D08C38300B7A737 /* UIKit.framework */,
				1D30AB110D05D00D00671497 /* Foundation.framework */,
				2892E40F0DC94CBA00A64D0F /* CoreGraphics.framework */,
			);
			name = Frameworks;
			sourceTree = "<group>";
		};
/* End PBXGroup section */

/* Begin PBXNativeTarget section */
		1D6058900D05DD3D006BFB54 /* Kalah-iPad */ = {
			isa = PBXNativeTarget;
			buildConfigurationList = 1D6058960D05DD3E006BFB54 /* Build configuration list for PBXNativeTarget "Kalah-iPad" */;
			buildPhases = (
				1D60588D0D05DD3D006BFB54 /* Resources */,
				1D60588E0D05DD3D006BFB54 /* Sources */,
				1D60588F0D05DD3D006BFB54 /* Frameworks */,
			);
			buildRules = (
			);
			dependencies = (
			);
			name = "Kalah-iPad";
			productName = "Kalah-iPad";
			productReference = 1D6058910D05DD3D006BFB54 /* Kalah-iPad.app */;
			productType = "com.apple.product-type.application";
		};
/* End PBXNativeTarget section */

/* Begin PBXProject section */
		29B97313FDCFA39411CA2CEA /* Project object */ = {
			isa = PBXProject;
			attributes = {
				ORGANIZATIONNAME = TerraCoding;
			};
			buildConfigurationList = C01FCF4E08A954540054247B /* Build configuration list for PBXProject "Kalah-iPad" */;
			compatibilityVersion = "Xcode 3.2";
			developmentRegion = English;
			hasScannedForEncodings = 1;
			knownRegions = (
				English,
				Japanese,
				French,
				German,
				en,
			);
			mainGroup = 29B97314FDCFA39411CA2CEA /* CustomTemplate */;
			projectDirPath = "";
			projectRoot = "";
			targets = (
				1D6058900D05DD3D006BFB54 /* Kalah-iPad */,
			);
		};
/* End PBXProject section */

/* Begin PBXResourcesBuildPhase section */
		1D60588D0D05DD3D006BFB54 /* Resources */ = {
			isa = PBXResourcesBuildPhase;
			buildActionMask = 2147483647;
			files = (
				28AD73600D9D9599002E5188 /* MainWindow.xib in Resources */,
				2804203C108E9BAB000629CD /* RootViewController.xib in Resources */,
				046F7720119DD698000DD634 /* SinglePlayerGame.xib in Resources */,
				04DBCC0011A75A630001D01E /* game_bg.png in Resources */,
				0402732011A998BA00F28535 /* board.png in Resources */,
				0402732311A99ADD00F28535 /* pit.png in Resources */,
				0402735C11A9A60200F28535 /* Icon.png in Resources */,
				049CDC9A11AC41B600172C65 /* MultiPlayerGame.xib in Resources */,
				04DD1E7711AEF15F00ADC20F /* Options.xib in Resources */,
				04DD1F8C11AF03A800ADC20F /* MultiPlayerButton.png in Resources */,
				04DD1F8D11AF03A800ADC20F /* SinglePlayerButton.png in Resources */,
				048A3FB811AFD4FE002898F8 /* Help.xib in Resources */,
				57D8B04913FA665B001241AD /* NavBar-iPhone.png in Resources */,
				57072458140506120061646E /* RootViewController~iPhone.xib in Resources */,
			);
			runOnlyForDeploymentPostprocessing = 0;
		};
/* End PBXResourcesBuildPhase section */

/* Begin PBXSourcesBuildPhase section */
		1D60588E0D05DD3D006BFB54 /* Sources */ = {
			isa = PBXSourcesBuildPhase;
			buildActionMask = 2147483647;
			files = (
				1D60589B0D05DD56006BFB54 /* main.m in Sources */,
				1D3623260D0F684500981E51 /* Kalah_iPadAppDelegate.m in Sources */,
				2804200B108E984D000629CD /* RootViewController.m in Sources */,
				04A75634119DD1F100FF4D29 /* KalaGameState.m in Sources */,
				04A75635119DD1F100FF4D29 /* RandomPlayer.m in Sources */,
				046F771F119DD698000DD634 /* SinglePlayerGame.m in Sources */,
				049CDC9911AC41B600172C65 /* MultiPlayerGame.m in Sources */,
				04DD1E7611AEF15F00ADC20F /* Options.m in Sources */,
				048A3FB711AFD4FE002898F8 /* Help.m in Sources */,
				57D8B04C13FA666A001241AD /* DWNavigationBar.m in Sources */,
			);
			runOnlyForDeploymentPostprocessing = 0;
		};
/* End PBXSourcesBuildPhase section */

/* Begin XCBuildConfiguration section */
		1D6058940D05DD3E006BFB54 /* Debug */ = {
			isa = XCBuildConfiguration;
			buildSettings = {
				ALWAYS_SEARCH_USER_PATHS = NO;
				COPY_PHASE_STRIP = NO;
				GCC_DYNAMIC_NO_PIC = NO;
				GCC_OPTIMIZATION_LEVEL = 0;
				GCC_PRECOMPILE_PREFIX_HEADER = YES;
				GCC_PREFIX_HEADER = Kalah_iPad_Prefix.pch;
				INFOPLIST_FILE = "Kalah_iPad-Info.plist";
				IPHONEOS_DEPLOYMENT_TARGET = 4.3;
				PRODUCT_NAME = "Kalah-iPad";
				SDKROOT = iphoneos4.3;
				TARGETED_DEVICE_FAMILY = "1,2";
			};
			name = Debug;
		};
		1D6058950D05DD3E006BFB54 /* Release */ = {
			isa = XCBuildConfiguration;
			buildSettings = {
				ALWAYS_SEARCH_USER_PATHS = NO;
				CODE_SIGN_IDENTITY = "iPhone Distribution: Dominic Wroblewski";
				COPY_PHASE_STRIP = YES;
				GCC_PRECOMPILE_PREFIX_HEADER = YES;
				GCC_PREFIX_HEADER = Kalah_iPad_Prefix.pch;
				INFOPLIST_FILE = "Kalah_iPad-Info.plist";
				IPHONEOS_DEPLOYMENT_TARGET = 4.3;
				PRODUCT_NAME = "Kalah-iPad";
				PROVISIONING_PROFILE = "736F60E9-BC29-4B14-A140-DB44B280C53D";
				SDKROOT = iphoneos4.3;
				TARGETED_DEVICE_FAMILY = "1,2";
				VALIDATE_PRODUCT = YES;
			};
			name = Release;
		};
		C01FCF4F08A954540054247B /* Debug */ = {
			isa = XCBuildConfiguration;
			buildSettings = {
				"ARCHS[sdk=iphoneos*]" = armv7;
				"ARCHS[sdk=iphonesimulator*]" = i386;
				"CODE_SIGN_IDENTITY[sdk=iphoneos*]" = "iPhone Developer";
				GCC_C_LANGUAGE_STANDARD = c99;
				GCC_WARN_ABOUT_RETURN_TYPE = YES;
				GCC_WARN_UNUSED_VARIABLE = YES;
				IPHONEOS_DEPLOYMENT_TARGET = 4.3;
				PREBINDING = NO;
				PRODUCT_NAME = Kalah;
				SDKROOT = iphoneos3.2;
				TARGETED_DEVICE_FAMILY = 2;
			};
			name = Debug;
		};
		C01FCF5008A954540054247B /* Release */ = {
			isa = XCBuildConfiguration;
			buildSettings = {
				"ARCHS[sdk=iphoneos*]" = armv7;
				"ARCHS[sdk=iphonesimulator*]" = i386;
				"CODE_SIGN_IDENTITY[sdk=iphoneos*]" = "iPhone Developer";
				GCC_C_LANGUAGE_STANDARD = c99;
				GCC_WARN_ABOUT_RETURN_TYPE = YES;
				GCC_WARN_UNUSED_VARIABLE = YES;
				IPHONEOS_DEPLOYMENT_TARGET = 4.3;
				OTHER_CFLAGS = "-DNS_BLOCK_ASSERTIONS=1";
				PREBINDING = NO;
				SDKROOT = iphoneos3.2;
				TARGETED_DEVICE_FAMILY = 2;
			};
			name = Release;
		};
/* End XCBuildConfiguration section */

/* Begin XCConfigurationList section */
		1D6058960D05DD3E006BFB54 /* Build configuration list for PBXNativeTarget "Kalah-iPad" */ = {
			isa = XCConfigurationList;
			buildConfigurations = (
				1D6058940D05DD3E006BFB54 /* Debug */,
				1D6058950D05DD3E006BFB54 /* Release */,
			);
			defaultConfigurationIsVisible = 0;
			defaultConfigurationName = Release;
		};
		C01FCF4E08A954540054247B /* Build configuration list for PBXProject "Kalah-iPad" */ = {
			isa = XCConfigurationList;
			buildConfigurations = (
				C01FCF4F08A954540054247B /* Debug */,
				C01FCF5008A954540054247B /* Release */,
			);
			defaultConfigurationIsVisible = 0;
			defaultConfigurationName = Release;
		};
/* End XCConfigurationList section */
	};
	rootObject = 29B97313FDCFA39411CA2CEA /* Project object */;
}
